// !$*UTF8*$!
{
	archiveVersion = 1;
	classes = {
	};
	objectVersion = 55;
	objects = {

/* Begin PBXBuildFile section */
		9A3AD6A728F9D4F70081D705 /* PhotoViewController.swift in Sources */ = {isa = PBXBuildFile; fileRef = 9A3AD6A628F9D4F70081D705 /* PhotoViewController.swift */; };
		9A3AD6AB28F9DD8C0081D705 /* MainViewController.swift in Sources */ = {isa = PBXBuildFile; fileRef = 9A3AD6AA28F9DD8C0081D705 /* MainViewController.swift */; };
		9AC86AF428F81D5A00353DAD /* AppDelegate.swift in Sources */ = {isa = PBXBuildFile; fileRef = 9AC86AF328F81D5A00353DAD /* AppDelegate.swift */; };
		9AC86AF628F81D5A00353DAD /* SceneDelegate.swift in Sources */ = {isa = PBXBuildFile; fileRef = 9AC86AF528F81D5A00353DAD /* SceneDelegate.swift */; };
		9AC86AF828F81D5A00353DAD /* PhotosCollectionViewController.swift in Sources */ = {isa = PBXBuildFile; fileRef = 9AC86AF728F81D5A00353DAD /* PhotosCollectionViewController.swift */; };
		9AC86AFB28F81D5A00353DAD /* Main.storyboard in Resources */ = {isa = PBXBuildFile; fileRef = 9AC86AF928F81D5A00353DAD /* Main.storyboard */; };
		9AC86AFD28F81D5D00353DAD /* Assets.xcassets in Resources */ = {isa = PBXBuildFile; fileRef = 9AC86AFC28F81D5D00353DAD /* Assets.xcassets */; };
		9AC86B0028F81D5D00353DAD /* LaunchScreen.storyboard in Resources */ = {isa = PBXBuildFile; fileRef = 9AC86AFE28F81D5D00353DAD /* LaunchScreen.storyboard */; };
		9AC86B0828F8273400353DAD /* Image.swift in Sources */ = {isa = PBXBuildFile; fileRef = 9AC86B0728F8273400353DAD /* Image.swift */; };
		9AC86B0C28F89A1100353DAD /* PhotoCollectionViewCell.swift in Sources */ = {isa = PBXBuildFile; fileRef = 9AC86B0B28F89A1100353DAD /* PhotoCollectionViewCell.swift */; };
/* End PBXBuildFile section */

/* Begin PBXFileReference section */
		9A3AD6A628F9D4F70081D705 /* PhotoViewController.swift */ = {isa = PBXFileReference; lastKnownFileType = sourcecode.swift; path = PhotoViewController.swift; sourceTree = "<group>"; };
		9A3AD6AA28F9DD8C0081D705 /* MainViewController.swift */ = {isa = PBXFileReference; lastKnownFileType = sourcecode.swift; path = MainViewController.swift; sourceTree = "<group>"; };
		9AC86AF028F81D5A00353DAD /* Telegram_Contest.app */ = {isa = PBXFileReference; explicitFileType = wrapper.application; includeInIndex = 0; path = Telegram_Contest.app; sourceTree = BUILT_PRODUCTS_DIR; };
		9AC86AF328F81D5A00353DAD /* AppDelegate.swift */ = {isa = PBXFileReference; lastKnownFileType = sourcecode.swift; path = AppDelegate.swift; sourceTree = "<group>"; };
		9AC86AF528F81D5A00353DAD /* SceneDelegate.swift */ = {isa = PBXFileReference; lastKnownFileType = sourcecode.swift; path = SceneDelegate.swift; sourceTree = "<group>"; };
		9AC86AF728F81D5A00353DAD /* PhotosCollectionViewController.swift */ = {isa = PBXFileReference; lastKnownFileType = sourcecode.swift; path = PhotosCollectionViewController.swift; sourceTree = "<group>"; };
		9AC86AFA28F81D5A00353DAD /* Base */ = {isa = PBXFileReference; lastKnownFileType = file.storyboard; name = Base; path = Base.lproj/Main.storyboard; sourceTree = "<group>"; };
		9AC86AFC28F81D5D00353DAD /* Assets.xcassets */ = {isa = PBXFileReference; lastKnownFileType = folder.assetcatalog; path = Assets.xcassets; sourceTree = "<group>"; };
		9AC86AFF28F81D5D00353DAD /* Base */ = {isa = PBXFileReference; lastKnownFileType = file.storyboard; name = Base; path = Base.lproj/LaunchScreen.storyboard; sourceTree = "<group>"; };
		9AC86B0128F81D5D00353DAD /* Info.plist */ = {isa = PBXFileReference; lastKnownFileType = text.plist.xml; path = Info.plist; sourceTree = "<group>"; };
		9AC86B0728F8273400353DAD /* Image.swift */ = {isa = PBXFileReference; lastKnownFileType = sourcecode.swift; path = Image.swift; sourceTree = "<group>"; };
		9AC86B0B28F89A1100353DAD /* PhotoCollectionViewCell.swift */ = {isa = PBXFileReference; lastKnownFileType = sourcecode.swift; path = PhotoCollectionViewCell.swift; sourceTree = "<group>"; };
/* End PBXFileReference section */

/* Begin PBXFrameworksBuildPhase section */
		9AC86AED28F81D5A00353DAD /* Frameworks */ = {
			isa = PBXFrameworksBuildPhase;
			buildActionMask = 2147483647;
			files = (
			);
			runOnlyForDeploymentPostprocessing = 0;
		};
/* End PBXFrameworksBuildPhase section */

/* Begin PBXGroup section */
		9AC86AE728F81D5A00353DAD = {
			isa = PBXGroup;
			children = (
				9AC86AF228F81D5A00353DAD /* Telegram_Contest */,
				9AC86AF128F81D5A00353DAD /* Products */,
			);
			sourceTree = "<group>";
		};
		9AC86AF128F81D5A00353DAD /* Products */ = {
			isa = PBXGroup;
			children = (
				9AC86AF028F81D5A00353DAD /* Telegram_Contest.app */,
			);
			name = Products;
			sourceTree = "<group>";
		};
		9AC86AF228F81D5A00353DAD /* Telegram_Contest */ = {
			isa = PBXGroup;
			children = (
				9AC86AF328F81D5A00353DAD /* AppDelegate.swift */,
				9AC86AF528F81D5A00353DAD /* SceneDelegate.swift */,
				9AC86AF728F81D5A00353DAD /* PhotosCollectionViewController.swift */,
				9A3AD6A628F9D4F70081D705 /* PhotoViewController.swift */,
				9AC86B0B28F89A1100353DAD /* PhotoCollectionViewCell.swift */,
				9AC86B0728F8273400353DAD /* Image.swift */,
				9AC86AF928F81D5A00353DAD /* Main.storyboard */,
				9AC86AFC28F81D5D00353DAD /* Assets.xcassets */,
				9AC86AFE28F81D5D00353DAD /* LaunchScreen.storyboard */,
				9AC86B0128F81D5D00353DAD /* Info.plist */,
				9A3AD6AA28F9DD8C0081D705 /* MainViewController.swift */,
			);
			path = Telegram_Contest;
			sourceTree = "<group>";
		};
/* End PBXGroup section */

/* Begin PBXNativeTarget section */
		9AC86AEF28F81D5A00353DAD /* Telegram_Contest */ = {
			isa = PBXNativeTarget;
			buildConfigurationList = 9AC86B0428F81D5D00353DAD /* Build configuration list for PBXNativeTarget "Telegram_Contest" */;
			buildPhases = (
				9AC86AEC28F81D5A00353DAD /* Sources */,
				9AC86AED28F81D5A00353DAD /* Frameworks */,
				9AC86AEE28F81D5A00353DAD /* Resources */,
			);
			buildRules = (
			);
			dependencies = (
			);
			name = Telegram_Contest;
			productName = Telegram_Contest;
			productReference = 9AC86AF028F81D5A00353DAD /* Telegram_Contest.app */;
			productType = "com.apple.product-type.application";
		};
/* End PBXNativeTarget section */

/* Begin PBXProject section */
		9AC86AE828F81D5A00353DAD /* Project object */ = {
			isa = PBXProject;
			attributes = {
				BuildIndependentTargetsInParallel = 1;
				LastSwiftUpdateCheck = 1340;
				LastUpgradeCheck = 1340;
				TargetAttributes = {
					9AC86AEF28F81D5A00353DAD = {
						CreatedOnToolsVersion = 13.4.1;
					};
				};
			};
			buildConfigurationList = 9AC86AEB28F81D5A00353DAD /* Build configuration list for PBXProject "Telegram_Contest" */;
			compatibilityVersion = "Xcode 13.0";
			developmentRegion = en;
			hasScannedForEncodings = 0;
			knownRegions = (
				en,
				Base,
			);
			mainGroup = 9AC86AE728F81D5A00353DAD;
			productRefGroup = 9AC86AF128F81D5A00353DAD /* Products */;
			projectDirPath = "";
			projectRoot = "";
			targets = (
				9AC86AEF28F81D5A00353DAD /* Telegram_Contest */,
			);
		};
/* End PBXProject section */

/* Begin PBXResourcesBuildPhase section */
		9AC86AEE28F81D5A00353DAD /* Resources */ = {
			isa = PBXResourcesBuildPhase;
			buildActionMask = 2147483647;
			files = (
				9AC86B0028F81D5D00353DAD /* LaunchScreen.storyboard in Resources */,
				9AC86AFD28F81D5D00353DAD /* Assets.xcassets in Resources */,
				9AC86AFB28F81D5A00353DAD /* Main.storyboard in Resources */,
			);
			runOnlyForDeploymentPostprocessing = 0;
		};
/* End PBXResourcesBuildPhase section */

/* Begin PBXSourcesBuildPhase section */
		9AC86AEC28F81D5A00353DAD /* Sources */ = {
			isa = PBXSourcesBuildPhase;
			buildActionMask = 2147483647;
			files = (
				9AC86AF828F81D5A00353DAD /* PhotosCollectionViewController.swift in Sources */,
				9AC86B0828F8273400353DAD /* Image.swift in Sources */,
				9AC86AF428F81D5A00353DAD /* AppDelegate.swift in Sources */,
				9A3AD6A728F9D4F70081D705 /* PhotoViewController.swift in Sources */,
				9AC86AF628F81D5A00353DAD /* SceneDelegate.swift in Sources */,
				9AC86B0C28F89A1100353DAD /* PhotoCollectionViewCell.swift in Sources */,
				9A3AD6AB28F9DD8C0081D705 /* MainViewController.swift in Sources */,
			);
			runOnlyForDeploymentPostprocessing = 0;
		};
/* End PBXSourcesBuildPhase section */

/* Begin PBXVariantGroup section */
		9AC86AF928F81D5A00353DAD /* Main.storyboard */ = {
			isa = PBXVariantGroup;
			children = (
				9AC86AFA28F81D5A00353DAD /* Base */,
			);
			name = Main.storyboard;
			sourceTree = "<group>";
		};
		9AC86AFE28F81D5D00353DAD /* LaunchScreen.storyboard */ = {
			isa = PBXVariantGroup;
			children = (
				9AC86AFF28F81D5D00353DAD /* Base */,
			);
			name = LaunchScreen.storyboard;
			sourceTree = "<group>";
		};
/* End PBXVariantGroup section */

/* Begin XCBuildConfiguration section */
		9AC86B0228F81D5D00353DAD /* Debug */ = {
			isa = XCBuildConfiguration;
			buildSettings = {
				ALWAYS_SEARCH_USER_PATHS = NO;
				CLANG_ANALYZER_NONNULL = YES;
				CLANG_ANALYZER_NUMBER_OBJECT_CONVERSION = YES_AGGRESSIVE;
				CLANG_CXX_LANGUAGE_STANDARD = "gnu++17";
				CLANG_ENABLE_MODULES = YES;
				CLANG_ENABLE_OBJC_ARC = YES;
				CLANG_ENABLE_OBJC_WEAK = YES;
				CLANG_WARN_BLOCK_CAPTURE_AUTORELEASING = YES;
				CLANG_WARN_BOOL_CONVERSION = YES;
				CLANG_WARN_COMMA = YES;
				CLANG_WARN_CONSTANT_CONVERSION = YES;
				CLANG_WARN_DEPRECATED_OBJC_IMPLEMENTATIONS = YES;
				CLANG_WARN_DIRECT_OBJC_ISA_USAGE = YES_ERROR;
				CLANG_WARN_DOCUMENTATION_COMMENTS = YES;
				CLANG_WARN_EMPTY_BODY = YES;
				CLANG_WARN_ENUM_CONVERSION = YES;
				CLANG_WARN_INFINITE_RECURSION = YES;
				CLANG_WARN_INT_CONVERSION = YES;
				CLANG_WARN_NON_LITERAL_NULL_CONVERSION = YES;
				CLANG_WARN_OBJC_IMPLICIT_RETAIN_SELF = YES;
				CLANG_WARN_OBJC_LITERAL_CONVERSION = YES;
				CLANG_WARN_OBJC_ROOT_CLASS = YES_ERROR;
				CLANG_WARN_QUOTED_INCLUDE_IN_FRAMEWORK_HEADER = YES;
				CLANG_WARN_RANGE_LOOP_ANALYSIS = YES;
				CLANG_WARN_STRICT_PROTOTYPES = YES;
				CLANG_WARN_SUSPICIOUS_MOVE = YES;
				CLANG_WARN_UNGUARDED_AVAILABILITY = YES_AGGRESSIVE;
				CLANG_WARN_UNREACHABLE_CODE = YES;
				CLANG_WARN__DUPLICATE_METHOD_MATCH = YES;
				COPY_PHASE_STRIP = NO;
				DEBUG_INFORMATION_FORMAT = dwarf;
				ENABLE_STRICT_OBJC_MSGSEND = YES;
				ENABLE_TESTABILITY = YES;
				GCC_C_LANGUAGE_STANDARD = gnu11;
				GCC_DYNAMIC_NO_PIC = NO;
				GCC_NO_COMMON_BLOCKS = YES;
				GCC_OPTIMIZATION_LEVEL = 0;
				GCC_PREPROCESSOR_DEFINITIONS = (
					"DEBUG=1",
					"$(inherited)",
				);
				GCC_WARN_64_TO_32_BIT_CONVERSION = YES;
				GCC_WARN_ABOUT_RETURN_TYPE = YES_ERROR;
				GCC_WARN_UNDECLARED_SELECTOR = YES;
				GCC_WARN_UNINITIALIZED_AUTOS = YES_AGGRESSIVE;
				GCC_WARN_UNUSED_FUNCTION = YES;
				GCC_WARN_UNUSED_VARIABLE = YES;
				IPHONEOS_DEPLOYMENT_TARGET = 15.5;
				MTL_ENABLE_DEBUG_INFO = INCLUDE_SOURCE;
				MTL_FAST_MATH = YES;
				ONLY_ACTIVE_ARCH = YES;
				SDKROOT = iphoneos;
				SWIFT_ACTIVE_COMPILATION_CONDITIONS = DEBUG;
				SWIFT_OPTIMIZATION_LEVEL = "-Onone";
			};
			name = Debug;
		};
		9AC86B0328F81D5D00353DAD /* Release */ = {
			isa = XCBuildConfiguration;
			buildSettings = {
				ALWAYS_SEARCH_USER_PATHS = NO;
				CLANG_ANALYZER_NONNULL = YES;
				CLANG_ANALYZER_NUMBER_OBJECT_CONVERSION = YES_AGGRESSIVE;
				CLANG_CXX_LANGUAGE_STANDARD = "gnu++17";
				CLANG_ENABLE_MODULES = YES;
				CLANG_ENABLE_OBJC_ARC = YES;
				CLANG_ENABLE_OBJC_WEAK = YES;
				CLANG_WARN_BLOCK_CAPTURE_AUTORELEASING = YES;
				CLANG_WARN_BOOL_CONVERSION = YES;
				CLANG_WARN_COMMA = YES;
				CLANG_WARN_CONSTANT_CONVERSION = YES;
				CLANG_WARN_DEPRECATED_OBJC_IMPLEMENTATIONS = YES;
				CLANG_WARN_DIRECT_OBJC_ISA_USAGE = YES_ERROR;
				CLANG_WARN_DOCUMENTATION_COMMENTS = YES;
				CLANG_WARN_EMPTY_BODY = YES;
				CLANG_WARN_ENUM_CONVERSION = YES;
				CLANG_WARN_INFINITE_RECURSION = YES;
				CLANG_WARN_INT_CONVERSION = YES;
				CLANG_WARN_NON_LITERAL_NULL_CONVERSION = YES;
				CLANG_WARN_OBJC_IMPLICIT_RETAIN_SELF = YES;
				CLANG_WARN_OBJC_LITERAL_CONVERSION = YES;
				CLANG_WARN_OBJC_ROOT_CLASS = YES_ERROR;
				CLANG_WARN_QUOTED_INCLUDE_IN_FRAMEWORK_HEADER = YES;
				CLANG_WARN_RANGE_LOOP_ANALYSIS = YES;
				CLANG_WARN_STRICT_PROTOTYPES = YES;
				CLANG_WARN_SUSPICIOUS_MOVE = YES;
				CLANG_WARN_UNGUARDED_AVAILABILITY = YES_AGGRESSIVE;
				CLANG_WARN_UNREACHABLE_CODE = YES;
				CLANG_WARN__DUPLICATE_METHOD_MATCH = YES;
				COPY_PHASE_STRIP = NO;
				DEBUG_INFORMATION_FORMAT = "dwarf-with-dsym";
				ENABLE_NS_ASSERTIONS = NO;
				ENABLE_STRICT_OBJC_MSGSEND = YES;
				GCC_C_LANGUAGE_STANDARD = gnu11;
				GCC_NO_COMMON_BLOCKS = YES;
				GCC_WARN_64_TO_32_BIT_CONVERSION = YES;
				GCC_WARN_ABOUT_RETURN_TYPE = YES_ERROR;
				GCC_WARN_UNDECLARED_SELECTOR = YES;
				GCC_WARN_UNINITIALIZED_AUTOS = YES_AGGRESSIVE;
				GCC_WARN_UNUSED_FUNCTION = YES;
				GCC_WARN_UNUSED_VARIABLE = YES;
				IPHONEOS_DEPLOYMENT_TARGET = 15.5;
				MTL_ENABLE_DEBUG_INFO = NO;
				MTL_FAST_MATH = YES;
				SDKROOT = iphoneos;
				SWIFT_COMPILATION_MODE = wholemodule;
				SWIFT_OPTIMIZATION_LEVEL = "-O";
				VALIDATE_PRODUCT = YES;
			};
			name = Release;
		};
		9AC86B0528F81D5D00353DAD /* Debug */ = {
			isa = XCBuildConfiguration;
			buildSettings = {
				ASSETCATALOG_COMPILER_APPICON_NAME = AppIcon;
				ASSETCATALOG_COMPILER_GLOBAL_ACCENT_COLOR_NAME = AccentColor;
				CODE_SIGN_STYLE = Automatic;
				CURRENT_PROJECT_VERSION = 1;
				DEVELOPMENT_TEAM = 7F7XSCX9AP;
				GENERATE_INFOPLIST_FILE = YES;
				INFOPLIST_FILE = Telegram_Contest/Info.plist;
				INFOPLIST_KEY_NSPhotoLibraryUsageDescription = "We need access";
				INFOPLIST_KEY_UIApplicationSupportsIndirectInputEvents = YES;
				INFOPLIST_KEY_UILaunchStoryboardName = LaunchScreen;
				INFOPLIST_KEY_UIMainStoryboardFile = Main;
				INFOPLIST_KEY_UISupportedInterfaceOrientations_iPad = "UIInterfaceOrientationPortrait UIInterfaceOrientationPortraitUpsideDown UIInterfaceOrientationLandscapeLeft UIInterfaceOrientationLandscapeRight";
				INFOPLIST_KEY_UISupportedInterfaceOrientations_iPhone = "UIInterfaceOrientationPortrait UIInterfaceOrientationLandscapeLeft UIInterfaceOrientationLandscapeRight";
				LD_RUNPATH_SEARCH_PATHS = (
					"$(inherited)",
					"@executable_path/Frameworks",
				);
				MARKETING_VERSION = 1.0;
				PRODUCT_BUNDLE_IDENTIFIER = "com.shuneykoartyom.Telegram-Contest";
				PRODUCT_NAME = "$(TARGET_NAME)";
				SWIFT_EMIT_LOC_STRINGS = YES;
				SWIFT_VERSION = 5.0;
				TARGETED_DEVICE_FAMILY = "1,2";
			};
			name = Debug;
		};
		9AC86B0628F81D5D00353DAD /* Release */ = {
			isa = XCBuildConfiguration;
			buildSettings = {
				ASSETCATALOG_COMPILER_APPICON_NAME = AppIcon;
				ASSETCATALOG_COMPILER_GLOBAL_ACCENT_COLOR_NAME = AccentColor;
				CODE_SIGN_STYLE = Automatic;
				CURRENT_PROJECT_VERSION = 1;
				DEVELOPMENT_TEAM = 7F7XSCX9AP;
				GENERATE_INFOPLIST_FILE = YES;
				INFOPLIST_FILE = Telegram_Contest/Info.plist;
				INFOPLIST_KEY_NSPhotoLibraryUsageDescription = "We need access";
				INFOPLIST_KEY_UIApplicationSupportsIndirectInputEvents = YES;
				INFOPLIST_KEY_UILaunchStoryboardName = LaunchScreen;
				INFOPLIST_KEY_UIMainStoryboardFile = Main;
				INFOPLIST_KEY_UISupportedInterfaceOrientations_iPad = "UIInterfaceOrientationPortrait UIInterfaceOrientationPortraitUpsideDown UIInterfaceOrientationLandscapeLeft UIInterfaceOrientationLandscapeRight";
				INFOPLIST_KEY_UISupportedInterfaceOrientations_iPhone = "UIInterfaceOrientationPortrait UIInterfaceOrientationLandscapeLeft UIInterfaceOrientationLandscapeRight";
				LD_RUNPATH_SEARCH_PATHS = (
					"$(inherited)",
					"@executable_path/Frameworks",
				);
				MARKETING_VERSION = 1.0;
				PRODUCT_BUNDLE_IDENTIFIER = "com.shuneykoartyom.Telegram-Contest";
				PRODUCT_NAME = "$(TARGET_NAME)";
				SWIFT_EMIT_LOC_STRINGS = YES;
				SWIFT_VERSION = 5.0;
				TARGETED_DEVICE_FAMILY = "1,2";
			};
			name = Release;
		};
/* End XCBuildConfiguration section */

/* Begin XCConfigurationList section */
		9AC86AEB28F81D5A00353DAD /* Build configuration list for PBXProject "Telegram_Contest" */ = {
			isa = XCConfigurationList;
			buildConfigurations = (
				9AC86B0228F81D5D00353DAD /* Debug */,
				9AC86B0328F81D5D00353DAD /* Release */,
			);
			defaultConfigurationIsVisible = 0;
			defaultConfigurationName = Release;
		};
		9AC86B0428F81D5D00353DAD /* Build configuration list for PBXNativeTarget "Telegram_Contest" */ = {
			isa = XCConfigurationList;
			buildConfigurations = (
				9AC86B0528F81D5D00353DAD /* Debug */,
				9AC86B0628F81D5D00353DAD /* Release */,
			);
			defaultConfigurationIsVisible = 0;
			defaultConfigurationName = Release;
		};
/* End XCConfigurationList section */
	};
	rootObject = 9AC86AE828F81D5A00353DAD /* Project object */;
}
